
Microsoft Visual Studio Solution File, Format Version 12.00
# Visual Studio 15
VisualStudioVersion = 15.0.27428.2005
MinimumVisualStudioVersion = 10.0.40219.1
Project("{FAE04EC0-301F-11D3-BF4B-00C04F79EFBC}") = "COMNet", "COMNet\COMNet.csproj", "{A5BB15B3-3B20-44F2-9B36-A3107B6B8D39}"
EndProject
Project("{FAE04EC0-301F-11D3-BF4B-00C04F79EFBC}") = "Core", "Core\Core.csproj", "{F9C26CAF-AB43-4F2A-B586-6F1FB80DE716}"
EndProject
Project("{9A19103F-16F7-4668-BE54-9A1E7A4F7556}") = "Core.Tests", "Core.Tests\Core.Tests.csproj", "{B599EEC2-7C55-4181-BF4A-7FEC046F7640}"
EndProject
Global
	GlobalSection(SolutionConfigurationPlatforms) = preSolution
		Debug|Any CPU = Debug|Any CPU
		Release|Any CPU = Release|Any CPU
	EndGlobalSection
	GlobalSection(ProjectConfigurationPlatforms) = postSolution
		{A5BB15B3-3B20-44F2-9B36-A3107B6B8D39}.Debug|Any CPU.ActiveCfg = Debug|Any CPU
		{A5BB15B3-3B20-44F2-9B36-A3107B6B8D39}.Debug|Any CPU.Build.0 = Debug|Any CPU
		{A5BB15B3-3B20-44F2-9B36-A3107B6B8D39}.Release|Any CPU.ActiveCfg = Release|Any CPU
		{A5BB15B3-3B20-44F2-9B36-A3107B6B8D39}.Release|Any CPU.Build.0 = Release|Any CPU
		{F9C26CAF-AB43-4F2A-B586-6F1FB80DE716}.Debug|Any CPU.ActiveCfg = Debug|Any CPU
		{F9C26CAF-AB43-4F2A-B586-6F1FB80DE716}.Debug|Any CPU.Build.0 = Debug|Any CPU
		{F9C26CAF-AB43-4F2A-B586-6F1FB80DE716}.Release|Any CPU.ActiveCfg = Release|Any CPU
		{F9C26CAF-AB43-4F2A-B586-6F1FB80DE716}.Release|Any CPU.Build.0 = Release|Any CPU
		{B599EEC2-7C55-4181-BF4A-7FEC046F7640}.Debug|Any CPU.ActiveCfg = Debug|Any CPU
		{B599EEC2-7C55-4181-BF4A-7FEC046F7640}.Debug|Any CPU.Build.0 = Debug|Any CPU
		{B599EEC2-7C55-4181-BF4A-7FEC046F7640}.Release|Any CPU.ActiveCfg = Release|Any CPU
		{B599EEC2-7C55-4181-BF4A-7FEC046F7640}.Release|Any CPU.Build.0 = Release|Any CPU
	EndGlobalSection
	GlobalSection(SolutionProperties) = preSolution
		HideSolutionNode = FALSE
	EndGlobalSection
	GlobalSection(ExtensibilityGlobals) = postSolution
		SolutionGuid = {414455CF-68BE-4C93-A240-4A27078255A7}
	EndGlobalSection
EndGlobal
